
Microsoft Visual Studio Solution File, Format Version 12.00
# Visual Studio Version 17
VisualStudioVersion = 17.9.34728.123
MinimumVisualStudioVersion = 10.0.40219.1
Project("{FAE04EC0-301F-11D3-BF4B-00C04F79EFBC}") = "Nuxt3Packager", "Nuxt3Packager\Nuxt3Packager.csproj", "{C83DBC36-0E19-4520-9B23-1206FC7E85A3}"
EndProject
Global
	GlobalSection(SolutionConfigurationPlatforms) = preSolution
		Debug|Any CPU = Debug|Any CPU
		Release|Any CPU = Release|Any CPU
	EndGlobalSection
	GlobalSection(ProjectConfigurationPlatforms) = postSolution
		{C83DBC36-0E19-4520-9B23-1206FC7E85A3}.Debug|Any CPU.ActiveCfg = Debug|Any CPU
		{C83DBC36-0E19-4520-9B23-1206FC7E85A3}.Debug|Any CPU.Build.0 = Debug|Any CPU
		{C83DBC36-0E19-4520-9B23-1206FC7E85A3}.Release|Any CPU.ActiveCfg = Release|Any CPU
		{C83DBC36-0E19-4520-9B23-1206FC7E85A3}.Release|Any CPU.Build.0 = Release|Any CPU
	EndGlobalSection
	GlobalSection(SolutionProperties) = preSolution
		HideSolutionNode = FALSE
	EndGlobalSection
	GlobalSection(ExtensibilityGlobals) = postSolution
		SolutionGuid = {B87E1D20-F12D-4F91-AFF5-2FFBC1BF7D0B}
	EndGlobalSection
EndGlobal
